
Microsoft Visual Studio Solution File, Format Version 12.00
# Visual Studio Version 17
VisualStudioVersion = 17.11.35327.3
MinimumVisualStudioVersion = 10.0.40219.1
Project("{FAE04EC0-301F-11D3-BF4B-00C04F79EFBC}") = "SkincareAnalyzerApp", "SkincareAnalyzerApp\SkincareAnalyzerApp.csproj", "{161D3F1C-E584-4466-AE22-64E834600921}"
EndProject
Global
	GlobalSection(SolutionConfigurationPlatforms) = preSolution
		Debug|Any CPU = Debug|Any CPU
		Release|Any CPU = Release|Any CPU
	EndGlobalSection
	GlobalSection(ProjectConfigurationPlatforms) = postSolution
		{161D3F1C-E584-4466-AE22-64E834600921}.Debug|Any CPU.ActiveCfg = Debug|Any CPU
		{161D3F1C-E584-4466-AE22-64E834600921}.Debug|Any CPU.Build.0 = Debug|Any CPU
		{161D3F1C-E584-4466-AE22-64E834600921}.Release|Any CPU.ActiveCfg = Release|Any CPU
		{161D3F1C-E584-4466-AE22-64E834600921}.Release|Any CPU.Build.0 = Release|Any CPU
	EndGlobalSection
	GlobalSection(SolutionProperties) = preSolution
		HideSolutionNode = FALSE
	EndGlobalSection
	GlobalSection(ExtensibilityGlobals) = postSolution
		SolutionGuid = {3A4D58DD-DD6C-46DE-B159-6FDF985E77BB}
	EndGlobalSection
EndGlobal
